STAGE14_H_PROTOCOL=IMMUTABLE_SOURCE_SNAPSHOT_AUDIT
ONE_H_REQUEST_ONE_SNAPSHOT=true
H_TARGET_FREEZES_AT_DISPATCH=true
RUNNING_H_CHASES_LATER_PARENT_STAGES=false
RUNNING_H_REFINEMENT_AFTER_DISPATCH=false
PARENT_ROUTE_MAY_CONTINUE_WHEN_H_NONBLOCKING=true
COMPLETED_H_MERGES_AS_SCOPED_SNAPSHOT_RESULT=true
LATER_RECEIVER_REQUIRING_AUDIT_USES_NEXT_H_NUMBER=true
LATEST_MAIN_MECHANICAL_REBASE_DOES_NOT_CHANGE_H_TARGET=true
SOURCE_INVALIDATION_IS_ONLY_NORMAL_CANCELLATION_EXCEPTION=true
SHORT_CHAT_HANDOFF_USES_REPO_TARGET_FILE=true
